
Microsoft Visual Studio Solution File, Format Version 12.00
# Visual Studio Version 17
VisualStudioVersion = 17.9.34622.214
MinimumVisualStudioVersion = 10.0.40219.1
Project("{9A19103F-16F7-4668-BE54-9A1E7A4F7556}") = "ConsoleClient", "ConsoleClient\ConsoleClient.csproj", "{A9F55FA3-6F55-4F73-8D2D-7A363989E6C7}"
EndProject
Project("{2150E333-8FDC-42A3-9474-1A3956D46DE8}") = "Solution Items", "Solution Items", "{5D3585A8-DDF7-485A-BA77-456F27D73A70}"
	ProjectSection(SolutionItems) = preProject
		Dm Rules.ndrules = Dm Rules.ndrules
		NDepend Project.ndproj = NDepend Project.ndproj
	EndProjectSection
EndProject
Project("{FAE04EC0-301F-11D3-BF4B-00C04F79EFBC}") = "MyLib", "MyLib\MyLib.csproj", "{419AE024-24E3-43AA-A664-15FB6B9F0C2C}"
EndProject
Project("{FAE04EC0-301F-11D3-BF4B-00C04F79EFBC}") = "ServiceClient", "ServiceClient\ServiceClient.csproj", "{87D6DD99-6582-4CB4-BCB4-CF7DD5F408F5}"
EndProject
Global
	GlobalSection(SolutionConfigurationPlatforms) = preSolution
		Debug|Any CPU = Debug|Any CPU
		Release|Any CPU = Release|Any CPU
	EndGlobalSection
	GlobalSection(ProjectConfigurationPlatforms) = postSolution
		{A9F55FA3-6F55-4F73-8D2D-7A363989E6C7}.Debug|Any CPU.ActiveCfg = Debug|Any CPU
		{A9F55FA3-6F55-4F73-8D2D-7A363989E6C7}.Debug|Any CPU.Build.0 = Debug|Any CPU
		{A9F55FA3-6F55-4F73-8D2D-7A363989E6C7}.Release|Any CPU.ActiveCfg = Release|Any CPU
		{A9F55FA3-6F55-4F73-8D2D-7A363989E6C7}.Release|Any CPU.Build.0 = Release|Any CPU
		{419AE024-24E3-43AA-A664-15FB6B9F0C2C}.Debug|Any CPU.ActiveCfg = Debug|Any CPU
		{419AE024-24E3-43AA-A664-15FB6B9F0C2C}.Debug|Any CPU.Build.0 = Debug|Any CPU
		{419AE024-24E3-43AA-A664-15FB6B9F0C2C}.Release|Any CPU.ActiveCfg = Release|Any CPU
		{419AE024-24E3-43AA-A664-15FB6B9F0C2C}.Release|Any CPU.Build.0 = Release|Any CPU
		{87D6DD99-6582-4CB4-BCB4-CF7DD5F408F5}.Debug|Any CPU.ActiveCfg = Debug|Any CPU
		{87D6DD99-6582-4CB4-BCB4-CF7DD5F408F5}.Debug|Any CPU.Build.0 = Debug|Any CPU
		{87D6DD99-6582-4CB4-BCB4-CF7DD5F408F5}.Release|Any CPU.ActiveCfg = Release|Any CPU
		{87D6DD99-6582-4CB4-BCB4-CF7DD5F408F5}.Release|Any CPU.Build.0 = Release|Any CPU
	EndGlobalSection
	GlobalSection(SolutionProperties) = preSolution
		HideSolutionNode = FALSE
	EndGlobalSection
	GlobalSection(ExtensibilityGlobals) = postSolution
		SolutionGuid = {A71A40DB-4560-4596-8300-40BB06DDCF2C}
	EndGlobalSection
EndGlobal
